lockfileVersion: '9.0'

settings:
  autoInstallPeers: true
  excludeLinksFromLockfile: false

importers:

  .:
    dependencies:
      bulma:
        specifier: ^1.0.2
        version: 1.0.2

packages:

  bulma@1.0.2:
    resolution: {integrity: sha512-D7GnDuF6seb6HkcnRMM9E739QpEY9chDzzeFrHMyEns/EXyDJuQ0XA0KxbBl/B2NTsKSoDomW61jFGFaAxhK5A==}

snapshots:

  bulma@1.0.2: {}
